// !$*UTF8*$!
{
	archiveVersion = 1;
	classes = {
	};
	objectVersion = 46;
	objects = {

/* Begin PBXBuildFile section */
		1741CD061A1FA75A0098101A /* AppDelegate.swift in Sources */ = {isa = PBXBuildFile; fileRef = 1741CD051A1FA75A0098101A /* AppDelegate.swift */; };
		1741CD081A1FA75A0098101A /* ViewController.swift in Sources */ = {isa = PBXBuildFile; fileRef = 1741CD071A1FA75A0098101A /* ViewController.swift */; };
		1741CD0B1A1FA75A0098101A /* Main.storyboard in Resources */ = {isa = PBXBuildFile; fileRef = 1741CD091A1FA75A0098101A /* Main.storyboard */; };
		1741CD0D1A1FA75A0098101A /* Images.xcassets in Resources */ = {isa = PBXBuildFile; fileRef = 1741CD0C1A1FA75A0098101A /* Images.xcassets */; };
		1741CD101A1FA75A0098101A /* LaunchScreen.xib in Resources */ = {isa = PBXBuildFile; fileRef = 1741CD0E1A1FA75A0098101A /* LaunchScreen.xib */; };
		1741CD1C1A1FA75A0098101A /* MapsTests.swift in Sources */ = {isa = PBXBuildFile; fileRef = 1741CD1B1A1FA75A0098101A /* MapsTests.swift */; };
/* End PBXBuildFile section */

/* Begin PBXContainerItemProxy section */
		1741CD161A1FA75A0098101A /* PBXContainerItemProxy */ = {
			isa = PBXContainerItemProxy;
			containerPortal = 1741CCF81A1FA75A0098101A /* Project object */;
			proxyType = 1;
			remoteGlobalIDString = 1741CCFF1A1FA75A0098101A;
			remoteInfo = Maps;
		};
/* End PBXContainerItemProxy section */

/* Begin PBXFileReference section */
		1741CD001A1FA75A0098101A /* Maps.app */ = {isa = PBXFileReference; explicitFileType = wrapper.application; includeInIndex = 0; path = Maps.app; sourceTree = BUILT_PRODUCTS_DIR; };
		1741CD041A1FA75A0098101A /* Info.plist */ = {isa = PBXFileReference; lastKnownFileType = text.plist.xml; path = Info.plist; sourceTree = "<group>"; };
		1741CD051A1FA75A0098101A /* AppDelegate.swift */ = {isa = PBXFileReference; lastKnownFileType = sourcecode.swift; path = AppDelegate.swift; sourceTree = "<group>"; };
		1741CD071A1FA75A0098101A /* ViewController.swift */ = {isa = PBXFileReference; lastKnownFileType = sourcecode.swift; path = ViewController.swift; sourceTree = "<group>"; };
		1741CD0A1A1FA75A0098101A /* Base */ = {isa = PBXFileReference; lastKnownFileType = file.storyboard; name = Base; path = Base.lproj/Main.storyboard; sourceTree = "<group>"; };
		1741CD0C1A1FA75A0098101A /* Images.xcassets */ = {isa = PBXFileReference; lastKnownFileType = folder.assetcatalog; path = Images.xcassets; sourceTree = "<group>"; };
		1741CD0F1A1FA75A0098101A /* Base */ = {isa = PBXFileReference; lastKnownFileType = file.xib; name = Base; path = Base.lproj/LaunchScreen.xib; sourceTree = "<group>"; };
		1741CD151A1FA75A0098101A /* MapsTests.xctest */ = {isa = PBXFileReference; explicitFileType = wrapper.cfbundle; includeInIndex = 0; path = MapsTests.xctest; sourceTree = BUILT_PRODUCTS_DIR; };
		1741CD1A1A1FA75A0098101A /* Info.plist */ = {isa = PBXFileReference; lastKnownFileType = text.plist.xml; path = Info.plist; sourceTree = "<group>"; };
		1741CD1B1A1FA75A0098101A /* MapsTests.swift */ = {isa = PBXFileReference; lastKnownFileType = sourcecode.swift; path = MapsTests.swift; sourceTree = "<group>"; };
/* End PBXFileReference section */

/* Begin PBXFrameworksBuildPhase section */
		1741CCFD1A1FA75A0098101A /* Frameworks */ = {
			isa = PBXFrameworksBuildPhase;
			buildActionMask = 2147483647;
			files = (
			);
			runOnlyForDeploymentPostprocessing = 0;
		};
		1741CD121A1FA75A0098101A /* Frameworks */ = {
			isa = PBXFrameworksBuildPhase;
			buildActionMask = 2147483647;
			files = (
			);
			runOnlyForDeploymentPostprocessing = 0;
		};
/* End PBXFrameworksBuildPhase section */

/* Begin PBXGroup section */
		1741CCF71A1FA75A0098101A = {
			isa = PBXGroup;
			children = (
				1741CD021A1FA75A0098101A /* Maps */,
				1741CD181A1FA75A0098101A /* MapsTests */,
				1741CD011A1FA75A0098101A /* Products */,
			);
			sourceTree = "<group>";
		};
		1741CD011A1FA75A0098101A /* Products */ = {
			isa = PBXGroup;
			children = (
				1741CD001A1FA75A0098101A /* Maps.app */,
				1741CD151A1FA75A0098101A /* MapsTests.xctest */,
			);
			name = Products;
			sourceTree = "<group>";
		};
		1741CD021A1FA75A0098101A /* Maps */ = {
			isa = PBXGroup;
			children = (
				1741CD051A1FA75A0098101A /* AppDelegate.swift */,
				1741CD071A1FA75A0098101A /* ViewController.swift */,
				1741CD091A1FA75A0098101A /* Main.storyboard */,
				1741CD0C1A1FA75A0098101A /* Images.xcassets */,
				1741CD0E1A1FA75A0098101A /* LaunchScreen.xib */,
				1741CD031A1FA75A0098101A /* Supporting Files */,
			);
			path = Maps;
			sourceTree = "<group>";
		};
		1741CD031A1FA75A0098101A /* Supporting Files */ = {
			isa = PBXGroup;
			children = (
				1741CD041A1FA75A0098101A /* Info.plist */,
			);
			name = "Supporting Files";
			sourceTree = "<group>";
		};
		1741CD181A1FA75A0098101A /* MapsTests */ = {
			isa = PBXGroup;
			children = (
				1741CD1B1A1FA75A0098101A /* MapsTests.swift */,
				1741CD191A1FA75A0098101A /* Supporting Files */,
			);
			path = MapsTests;
			sourceTree = "<group>";
		};
		1741CD191A1FA75A0098101A /* Supporting Files */ = {
			isa = PBXGroup;
			children = (
				1741CD1A1A1FA75A0098101A /* Info.plist */,
			);
			name = "Supporting Files";
			sourceTree = "<group>";
		};
/* End PBXGroup section */

/* Begin PBXNativeTarget section */
		1741CCFF1A1FA75A0098101A /* Maps */ = {
			isa = PBXNativeTarget;
			buildConfigurationList = 1741CD1F1A1FA75A0098101A /* Build configuration list for PBXNativeTarget "Maps" */;
			buildPhases = (
				1741CCFC1A1FA75A0098101A /* Sources */,
				1741CCFD1A1FA75A0098101A /* Frameworks */,
				1741CCFE1A1FA75A0098101A /* Resources */,
			);
			buildRules = (
			);
			dependencies = (
			);
			name = Maps;
			productName = Maps;
			productReference = 1741CD001A1FA75A0098101A /* Maps.app */;
			productType = "com.apple.product-type.application";
		};
		1741CD141A1FA75A0098101A /* MapsTests */ = {
			isa = PBXNativeTarget;
			buildConfigurationList = 1741CD221A1FA75A0098101A /* Build configuration list for PBXNativeTarget "MapsTests" */;
			buildPhases = (
				1741CD111A1FA75A0098101A /* Sources */,
				1741CD121A1FA75A0098101A /* Frameworks */,
				1741CD131A1FA75A0098101A /* Resources */,
			);
			buildRules = (
			);
			dependencies = (
				1741CD171A1FA75A0098101A /* PBXTargetDependency */,
			);
			name = MapsTests;
			productName = MapsTests;
			productReference = 1741CD151A1FA75A0098101A /* MapsTests.xctest */;
			productType = "com.apple.product-type.bundle.unit-test";
		};
/* End PBXNativeTarget section */

/* Begin PBXProject section */
		1741CCF81A1FA75A0098101A /* Project object */ = {
			isa = PBXProject;
			attributes = {
				LastUpgradeCheck = 0610;
				ORGANIZATIONNAME = NanYar;
				TargetAttributes = {
					1741CCFF1A1FA75A0098101A = {
						CreatedOnToolsVersion = 6.1;
					};
					1741CD141A1FA75A0098101A = {
						CreatedOnToolsVersion = 6.1;
						TestTargetID = 1741CCFF1A1FA75A0098101A;
					};
				};
			};
			buildConfigurationList = 1741CCFB1A1FA75A0098101A /* Build configuration list for PBXProject "Maps" */;
			compatibilityVersion = "Xcode 3.2";
			developmentRegion = English;
			hasScannedForEncodings = 0;
			knownRegions = (
				en,
				Base,
			);
			mainGroup = 1741CCF71A1FA75A0098101A;
			productRefGroup = 1741CD011A1FA75A0098101A /* Products */;
			projectDirPath = "";
			projectRoot = "";
			targets = (
				1741CCFF1A1FA75A0098101A /* Maps */,
				1741CD141A1FA75A0098101A /* MapsTests */,
			);
		};
/* End PBXProject section */

/* Begin PBXResourcesBuildPhase section */
		1741CCFE1A1FA75A0098101A /* Resources */ = {
			isa = PBXResourcesBuildPhase;
			buildActionMask = 2147483647;
			files = (
				1741CD0B1A1FA75A0098101A /* Main.storyboard in Resources */,
				1741CD101A1FA75A0098101A /* LaunchScreen.xib in Resources */,
				1741CD0D1A1FA75A0098101A /* Images.xcassets in Resources */,
			);
			runOnlyForDeploymentPostprocessing = 0;
		};
		1741CD131A1FA75A0098101A /* Resources */ = {
			isa = PBXResourcesBuildPhase;
			buildActionMask = 2147483647;
			files = (
			);
			runOnlyForDeploymentPostprocessing = 0;
		};
/* End PBXResourcesBuildPhase section */

/* Begin PBXSourcesBuildPhase section */
		1741CCFC1A1FA75A0098101A /* Sources */ = {
			isa = PBXSourcesBuildPhase;
			buildActionMask = 2147483647;
			files = (
				1741CD081A1FA75A0098101A /* ViewController.swift in Sources */,
				1741CD061A1FA75A0098101A /* AppDelegate.swift in Sources */,
			);
			runOnlyForDeploymentPostprocessing = 0;
		};
		1741CD111A1FA75A0098101A /* Sources */ = {
			isa = PBXSourcesBuildPhase;
			buildActionMask = 2147483647;
			files = (
				1741CD1C1A1FA75A0098101A /* MapsTests.swift in Sources */,
			);
			runOnlyForDeploymentPostprocessing = 0;
		};
/* End PBXSourcesBuildPhase section */

/* Begin PBXTargetDependency section */
		1741CD171A1FA75A0098101A /* PBXTargetDependency */ = {
			isa = PBXTargetDependency;
			target = 1741CCFF1A1FA75A0098101A /* Maps */;
			targetProxy = 1741CD161A1FA75A0098101A /* PBXContainerItemProxy */;
		};
/* End PBXTargetDependency section */

/* Begin PBXVariantGroup section */
		1741CD091A1FA75A0098101A /* Main.storyboard */ = {
			isa = PBXVariantGroup;
			children = (
				1741CD0A1A1FA75A0098101A /* Base */,
			);
			name = Main.storyboard;
			sourceTree = "<group>";
		};
		1741CD0E1A1FA75A0098101A /* LaunchScreen.xib */ = {
			isa = PBXVariantGroup;
			children = (
				1741CD0F1A1FA75A0098101A /* Base */,
			);
			name = LaunchScreen.xib;
			sourceTree = "<group>";
		};
/* End PBXVariantGroup section */

/* Begin XCBuildConfiguration section */
		1741CD1D1A1FA75A0098101A /* Debug */ = {
			isa = XCBuildConfiguration;
			buildSettings = {
				ALWAYS_SEARCH_USER_PATHS = NO;
				CLANG_CXX_LANGUAGE_STANDARD = "gnu++0x";
				CLANG_CXX_LIBRARY = "libc++";
				CLANG_ENABLE_MODULES = YES;
				CLANG_ENABLE_OBJC_ARC = YES;
				CLANG_WARN_BOOL_CONVERSION = YES;
				CLANG_WARN_CONSTANT_CONVERSION = YES;
				CLANG_WARN_DIRECT_OBJC_ISA_USAGE = YES_ERROR;
				CLANG_WARN_EMPTY_BODY = YES;
				CLANG_WARN_ENUM_CONVERSION = YES;
				CLANG_WARN_INT_CONVERSION = YES;
				CLANG_WARN_OBJC_ROOT_CLASS = YES_ERROR;
				CLANG_WARN_UNREACHABLE_CODE = YES;
				CLANG_WARN__DUPLICATE_METHOD_MATCH = YES;
				"CODE_SIGN_IDENTITY[sdk=iphoneos*]" = "iPhone Developer";
				COPY_PHASE_STRIP = NO;
				ENABLE_STRICT_OBJC_MSGSEND = YES;
				GCC_C_LANGUAGE_STANDARD = gnu99;
				GCC_DYNAMIC_NO_PIC = NO;
				GCC_OPTIMIZATION_LEVEL = 0;
				GCC_PREPROCESSOR_DEFINITIONS = (
					"DEBUG=1",
					"$(inherited)",
				);
				GCC_SYMBOLS_PRIVATE_EXTERN = NO;
				GCC_WARN_64_TO_32_BIT_CONVERSION = YES;
				GCC_WARN_ABOUT_RETURN_TYPE = YES_ERROR;
				GCC_WARN_UNDECLARED_SELECTOR = YES;
				GCC_WARN_UNINITIALIZED_AUTOS = YES_AGGRESSIVE;
				GCC_WARN_UNUSED_FUNCTION = YES;
				GCC_WARN_UNUSED_VARIABLE = YES;
				IPHONEOS_DEPLOYMENT_TARGET = 8.1;
				MTL_ENABLE_DEBUG_INFO = YES;
				ONLY_ACTIVE_ARCH = YES;
				SDKROOT = iphoneos;
				SWIFT_OPTIMIZATION_LEVEL = "-Onone";
			};
			name = Debug;
		};
		1741CD1E1A1FA75A0098101A /* Release */ = {
			isa = XCBuildConfiguration;
			buildSettings = {
				ALWAYS_SEARCH_USER_PATHS = NO;
				CLANG_CXX_LANGUAGE_STANDARD = "gnu++0x";
				CLANG_CXX_LIBRARY = "libc++";
				CLANG_ENABLE_MODULES = YES;
				CLANG_ENABLE_OBJC_ARC = YES;
				CLANG_WARN_BOOL_CONVERSION = YES;
				CLANG_WARN_CONSTANT_CONVERSION = YES;
				CLANG_WARN_DIRECT_OBJC_ISA_USAGE = YES_ERROR;
				CLANG_WARN_EMPTY_BODY = YES;
				CLANG_WARN_ENUM_CONVERSION = YES;
				CLANG_WARN_INT_CONVERSION = YES;
				CLANG_WARN_OBJC_ROOT_CLASS = YES_ERROR;
				CLANG_WARN_UNREACHABLE_CODE = YES;
				CLANG_WARN__DUPLICATE_METHOD_MATCH = YES;
				"CODE_SIGN_IDENTITY[sdk=iphoneos*]" = "iPhone Developer";
				COPY_PHASE_STRIP = YES;
				ENABLE_NS_ASSERTIONS = NO;
				ENABLE_STRICT_OBJC_MSGSEND = YES;
				GCC_C_LANGUAGE_STANDARD = gnu99;
				GCC_WARN_64_TO_32_BIT_CONVERSION = YES;
				GCC_WARN_ABOUT_RETURN_TYPE = YES_ERROR;
				GCC_WARN_UNDECLARED_SELECTOR = YES;
				GCC_WARN_UNINITIALIZED_AUTOS = YES_AGGRESSIVE;
				GCC_WARN_UNUSED_FUNCTION = YES;
				GCC_WARN_UNUSED_VARIABLE = YES;
				IPHONEOS_DEPLOYMENT_TARGET = 8.1;
				MTL_ENABLE_DEBUG_INFO = NO;
				SDKROOT = iphoneos;
				VALIDATE_PRODUCT = YES;
			};
			name = Release;
		};
		1741CD201A1FA75A0098101A /* Debug */ = {
			isa = XCBuildConfiguration;
			buildSettings = {
				ASSETCATALOG_COMPILER_APPICON_NAME = AppIcon;
				INFOPLIST_FILE = Maps/Info.plist;
				LD_RUNPATH_SEARCH_PATHS = "$(inherited) @executable_path/Frameworks";
				PRODUCT_NAME = "$(TARGET_NAME)";
			};
			name = Debug;
		};
		1741CD211A1FA75A0098101A /* Release */ = {
			isa = XCBuildConfiguration;
			buildSettings = {
				ASSETCATALOG_COMPILER_APPICON_NAME = AppIcon;
				INFOPLIST_FILE = Maps/Info.plist;
				LD_RUNPATH_SEARCH_PATHS = "$(inherited) @executable_path/Frameworks";
				PRODUCT_NAME = "$(TARGET_NAME)";
			};
			name = Release;
		};
		1741CD231A1FA75A0098101A /* Debug */ = {
			isa = XCBuildConfiguration;
			buildSettings = {
				BUNDLE_LOADER = "$(TEST_HOST)";
				FRAMEWORK_SEARCH_PATHS = (
					"$(SDKROOT)/Developer/Library/Frameworks",
					"$(inherited)",
				);
				GCC_PREPROCESSOR_DEFINITIONS = (
					"DEBUG=1",
					"$(inherited)",
				);
				INFOPLIST_FILE = MapsTests/Info.plist;
				LD_RUNPATH_SEARCH_PATHS = "$(inherited) @executable_path/Frameworks @loader_path/Frameworks";
				PRODUCT_NAME = "$(TARGET_NAME)";
				TEST_HOST = "$(BUILT_PRODUCTS_DIR)/Maps.app/Maps";
			};
			name = Debug;
		};
		1741CD241A1FA75A0098101A /* Release */ = {
			isa = XCBuildConfiguration;
			buildSettings = {
				BUNDLE_LOADER = "$(TEST_HOST)";
				FRAMEWORK_SEARCH_PATHS = (
					"$(SDKROOT)/Developer/Library/Frameworks",
					"$(inherited)",
				);
				INFOPLIST_FILE = MapsTests/Info.plist;
				LD_RUNPATH_SEARCH_PATHS = "$(inherited) @executable_path/Frameworks @loader_path/Frameworks";
				PRODUCT_NAME = "$(TARGET_NAME)";
				TEST_HOST = "$(BUILT_PRODUCTS_DIR)/Maps.app/Maps";
			};
			name = Release;
		};
/* End XCBuildConfiguration section */

/* Begin XCConfigurationList section */
		1741CCFB1A1FA75A0098101A /* Build configuration list for PBXProject "Maps" */ = {
			isa = XCConfigurationList;
			buildConfigurations = (
				1741CD1D1A1FA75A0098101A /* Debug */,
				1741CD1E1A1FA75A0098101A /* Release */,
			);
			defaultConfigurationIsVisible = 0;
			defaultConfigurationName = Release;
		};
		1741CD1F1A1FA75A0098101A /* Build configuration list for PBXNativeTarget "Maps" */ = {
			isa = XCConfigurationList;
			buildConfigurations = (
				1741CD201A1FA75A0098101A /* Debug */,
				1741CD211A1FA75A0098101A /* Release */,
			);
			defaultConfigurationIsVisible = 0;
		};
		1741CD221A1FA75A0098101A /* Build configuration list for PBXNativeTarget "MapsTests" */ = {
			isa = XCConfigurationList;
			buildConfigurations = (
				1741CD231A1FA75A0098101A /* Debug */,
				1741CD241A1FA75A0098101A /* Release */,
			);
			defaultConfigurationIsVisible = 0;
		};
/* End XCConfigurationList section */
	};
	rootObject = 1741CCF81A1FA75A0098101A /* Project object */;
}
